
Microsoft Visual Studio Solution File, Format Version 12.00
Project("{FAE04EC0-301F-11D3-BF4B-00C04F79EFBC}") = "TestProject1", "TestProject1.csproj", "{D9A593F1-0765-4424-A70F-4E96BC5710A1}"
EndProject
Global
	GlobalSection(SolutionConfigurationPlatforms) = preSolution
		Debug|Any CPU = Debug|Any CPU
		Release|Any CPU = Release|Any CPU
	EndGlobalSection
	GlobalSection(ProjectConfigurationPlatforms) = postSolution
		{D9A593F1-0765-4424-A70F-4E96BC5710A1}.Debug|Any CPU.ActiveCfg = Debug|Any CPU
		{D9A593F1-0765-4424-A70F-4E96BC5710A1}.Debug|Any CPU.Build.0 = Debug|Any CPU
		{D9A593F1-0765-4424-A70F-4E96BC5710A1}.Release|Any CPU.ActiveCfg = Release|Any CPU
		{D9A593F1-0765-4424-A70F-4E96BC5710A1}.Release|Any CPU.Build.0 = Release|Any CPU
	EndGlobalSection
EndGlobal
